Microsoft Visual Studio Solution File, Format Version 12.00
# Visual Studio Version 17
VisualStudioVersion = 17.5.2.0
MinimumVisualStudioVersion = 10.0.40219.1
Project("{2150E333-8FDC-42A3-9474-1A3956D46DE8}") = "DevHabit", "DevHabit", "{827E0CD3-B72D-47B6-A68D-7590B98EB39B}"
EndProject
Project("{FAE04EC0-301F-11D3-BF4B-00C04F79EFBC}") = "DevHabit.Api", ".\DevHabit.Api\DevHabit.Api.csproj", "{2D5F5A3E-8CAA-5A01-FA0F-53238B65F2EF}"
EndProject
Project("{FAE04EC0-301F-11D3-BF4B-00C04F79EFBC}") = "DevHabit.UnitTests", "DevHabit.UnitTests\DevHabit.UnitTests.csproj", "{262B42BB-18D3-4606-A6B6-0B46D20055E6}"
EndProject
Project("{FAE04EC0-301F-11D3-BF4B-00C04F79EFBC}") = "DevHabit.IntegrationTests", "DevHabit.IntegrationTests\DevHabit.IntegrationTests.csproj", "{3581BAF2-F677-4380-A524-8EFFBD72CD94}"
EndProject
Project("{FAE04EC0-301F-11D3-BF4B-00C04F79EFBC}") = "DevHabit.FunctionalTests", "DevHabit.FunctionalTests\DevHabit.FunctionalTests.csproj", "{852D610B-369E-4ADC-A714-2CF85ECE150C}"
EndProject
Global
	GlobalSection(SolutionConfigurationPlatforms) = preSolution
		Debug|Any CPU = Debug|Any CPU
		Release|Any CPU = Release|Any CPU
	EndGlobalSection
	GlobalSection(ProjectConfigurationPlatforms) = postSolution
		{2D5F5A3E-8CAA-5A01-FA0F-53238B65F2EF}.Debug|Any CPU.ActiveCfg = Debug|Any CPU
		{2D5F5A3E-8CAA-5A01-FA0F-53238B65F2EF}.Debug|Any CPU.Build.0 = Debug|Any CPU
		{2D5F5A3E-8CAA-5A01-FA0F-53238B65F2EF}.Release|Any CPU.ActiveCfg = Release|Any CPU
		{2D5F5A3E-8CAA-5A01-FA0F-53238B65F2EF}.Release|Any CPU.Build.0 = Release|Any CPU
		{262B42BB-18D3-4606-A6B6-0B46D20055E6}.Debug|Any CPU.ActiveCfg = Debug|Any CPU
		{262B42BB-18D3-4606-A6B6-0B46D20055E6}.Debug|Any CPU.Build.0 = Debug|Any CPU
		{262B42BB-18D3-4606-A6B6-0B46D20055E6}.Release|Any CPU.ActiveCfg = Release|Any CPU
		{262B42BB-18D3-4606-A6B6-0B46D20055E6}.Release|Any CPU.Build.0 = Release|Any CPU
		{3581BAF2-F677-4380-A524-8EFFBD72CD94}.Debug|Any CPU.ActiveCfg = Debug|Any CPU
		{3581BAF2-F677-4380-A524-8EFFBD72CD94}.Debug|Any CPU.Build.0 = Debug|Any CPU
		{3581BAF2-F677-4380-A524-8EFFBD72CD94}.Release|Any CPU.ActiveCfg = Release|Any CPU
		{3581BAF2-F677-4380-A524-8EFFBD72CD94}.Release|Any CPU.Build.0 = Release|Any CPU
		{852D610B-369E-4ADC-A714-2CF85ECE150C}.Debug|Any CPU.ActiveCfg = Debug|Any CPU
		{852D610B-369E-4ADC-A714-2CF85ECE150C}.Debug|Any CPU.Build.0 = Debug|Any CPU
		{852D610B-369E-4ADC-A714-2CF85ECE150C}.Release|Any CPU.ActiveCfg = Release|Any CPU
		{852D610B-369E-4ADC-A714-2CF85ECE150C}.Release|Any CPU.Build.0 = Release|Any CPU
	EndGlobalSection
	GlobalSection(SolutionProperties) = preSolution
		HideSolutionNode = FALSE
	EndGlobalSection
	GlobalSection(NestedProjects) = preSolution
		{2D5F5A3E-8CAA-5A01-FA0F-53238B65F2EF} = {827E0CD3-B72D-47B6-A68D-7590B98EB39B}
	EndGlobalSection
	GlobalSection(ExtensibilityGlobals) = postSolution
		SolutionGuid = {DBDB9F29-AD83-4D17-80B5-538A8BE2B274}
	EndGlobalSection
EndGlobal
